
Microsoft Visual Studio Solution File, Format Version 12.00
# Visual Studio 14
VisualStudioVersion = 14.0.23107.0
MinimumVisualStudioVersion = 10.0.40219.1
Project("{2150E333-8FDC-42A3-9474-1A3956D46DE8}") = "Plugins", "Plugins", "{ED595D53-A0B9-4D7F-ABF5-89EED5116B4D}"
EndProject
Project("{8BC9CEB8-8B4A-11D0-8D11-00A0C91BC942}") = "DirectX9", "Plugins\DirectX9\DirectX9.vcxproj", "{1C8C14D3-695F-40D7-82BA-E702E85326C8}"
EndProject
Project("{8BC9CEB8-8B4A-11D0-8D11-00A0C91BC942}") = "DirectX10", "Plugins\DirectX10\DirectX10.vcxproj", "{ECDD9D00-96E0-4A73-B7EB-538C24D444C8}"
EndProject
Project("{8BC9CEB8-8B4A-11D0-8D11-00A0C91BC942}") = "DirectX11", "Plugins\DirectX11\DirectX11.vcxproj", "{30B2FBE4-DDE6-4B0D-ACBA-0560EC74AF92}"
EndProject
Project("{8BC9CEB8-8B4A-11D0-8D11-00A0C91BC942}") = "DirectX12", "Plugins\DirectX12\DirectX12.vcxproj", "{42E792CD-742D-429E-81BF-6F445D39FFCA}"
EndProject
Project("{8BC9CEB8-8B4A-11D0-8D11-00A0C91BC942}") = "OpenGL", "Plugins\OpenGL\OpenGL.vcxproj", "{2652816E-F68C-41CF-B455-FA0C392A6254}"
EndProject
Project("{8BC9CEB8-8B4A-11D0-8D11-00A0C91BC942}") = "TestEnvironment", "TestEnvironment\TestEnvironment.vcxproj", "{327ABCDA-8A32-487F-A8E5-EF1912147E87}"
	ProjectSection(ProjectDependencies) = postProject
		{ECDD9D00-96E0-4A73-B7EB-538C24D444C8} = {ECDD9D00-96E0-4A73-B7EB-538C24D444C8}
		{2652816E-F68C-41CF-B455-FA0C392A6254} = {2652816E-F68C-41CF-B455-FA0C392A6254}
		{42E792CD-742D-429E-81BF-6F445D39FFCA} = {42E792CD-742D-429E-81BF-6F445D39FFCA}
		{1C8C14D3-695F-40D7-82BA-E702E85326C8} = {1C8C14D3-695F-40D7-82BA-E702E85326C8}
		{30B2FBE4-DDE6-4B0D-ACBA-0560EC74AF92} = {30B2FBE4-DDE6-4B0D-ACBA-0560EC74AF92}
	EndProjectSection
EndProject
Project("{2150E333-8FDC-42A3-9474-1A3956D46DE8}") = "Solution Items", "Solution Items", "{181767EB-4A38-4287-9B24-576635D937DB}"
	ProjectSection(SolutionItems) = preProject
		Readme.md = Readme.md
	EndProjectSection
EndProject
Global
	GlobalSection(SolutionConfigurationPlatforms) = preSolution
		Debug|x64 = Debug|x64
		Debug|x86 = Debug|x86
		Release|x64 = Release|x64
		Release|x86 = Release|x86
	EndGlobalSection
	GlobalSection(ProjectConfigurationPlatforms) = postSolution
		{1C8C14D3-695F-40D7-82BA-E702E85326C8}.Debug|x64.ActiveCfg = Debug|x64
		{1C8C14D3-695F-40D7-82BA-E702E85326C8}.Debug|x64.Build.0 = Debug|x64
		{1C8C14D3-695F-40D7-82BA-E702E85326C8}.Debug|x86.ActiveCfg = Debug|Win32
		{1C8C14D3-695F-40D7-82BA-E702E85326C8}.Debug|x86.Build.0 = Debug|Win32
		{1C8C14D3-695F-40D7-82BA-E702E85326C8}.Release|x64.ActiveCfg = Release|x64
		{1C8C14D3-695F-40D7-82BA-E702E85326C8}.Release|x64.Build.0 = Release|x64
		{1C8C14D3-695F-40D7-82BA-E702E85326C8}.Release|x86.ActiveCfg = Release|Win32
		{1C8C14D3-695F-40D7-82BA-E702E85326C8}.Release|x86.Build.0 = Release|Win32
		{ECDD9D00-96E0-4A73-B7EB-538C24D444C8}.Debug|x64.ActiveCfg = Debug|x64
		{ECDD9D00-96E0-4A73-B7EB-538C24D444C8}.Debug|x64.Build.0 = Debug|x64
		{ECDD9D00-96E0-4A73-B7EB-538C24D444C8}.Debug|x86.ActiveCfg = Debug|Win32
		{ECDD9D00-96E0-4A73-B7EB-538C24D444C8}.Debug|x86.Build.0 = Debug|Win32
		{ECDD9D00-96E0-4A73-B7EB-538C24D444C8}.Release|x64.ActiveCfg = Release|x64
		{ECDD9D00-96E0-4A73-B7EB-538C24D444C8}.Release|x64.Build.0 = Release|x64
		{ECDD9D00-96E0-4A73-B7EB-538C24D444C8}.Release|x86.ActiveCfg = Release|Win32
		{ECDD9D00-96E0-4A73-B7EB-538C24D444C8}.Release|x86.Build.0 = Release|Win32
		{30B2FBE4-DDE6-4B0D-ACBA-0560EC74AF92}.Debug|x64.ActiveCfg = Debug|x64
		{30B2FBE4-DDE6-4B0D-ACBA-0560EC74AF92}.Debug|x64.Build.0 = Debug|x64
		{30B2FBE4-DDE6-4B0D-ACBA-0560EC74AF92}.Debug|x86.ActiveCfg = Debug|Win32
		{30B2FBE4-DDE6-4B0D-ACBA-0560EC74AF92}.Debug|x86.Build.0 = Debug|Win32
		{30B2FBE4-DDE6-4B0D-ACBA-0560EC74AF92}.Release|x64.ActiveCfg = Release|x64
		{30B2FBE4-DDE6-4B0D-ACBA-0560EC74AF92}.Release|x64.Build.0 = Release|x64
		{30B2FBE4-DDE6-4B0D-ACBA-0560EC74AF92}.Release|x86.ActiveCfg = Release|Win32
		{30B2FBE4-DDE6-4B0D-ACBA-0560EC74AF92}.Release|x86.Build.0 = Release|Win32
		{42E792CD-742D-429E-81BF-6F445D39FFCA}.Debug|x64.ActiveCfg = Debug|x64
		{42E792CD-742D-429E-81BF-6F445D39FFCA}.Debug|x64.Build.0 = Debug|x64
		{42E792CD-742D-429E-81BF-6F445D39FFCA}.Debug|x86.ActiveCfg = Debug|Win32
		{42E792CD-742D-429E-81BF-6F445D39FFCA}.Debug|x86.Build.0 = Debug|Win32
		{42E792CD-742D-429E-81BF-6F445D39FFCA}.Release|x64.ActiveCfg = Release|x64
		{42E792CD-742D-429E-81BF-6F445D39FFCA}.Release|x64.Build.0 = Release|x64
		{42E792CD-742D-429E-81BF-6F445D39FFCA}.Release|x86.ActiveCfg = Release|Win32
		{42E792CD-742D-429E-81BF-6F445D39FFCA}.Release|x86.Build.0 = Release|Win32
		{2652816E-F68C-41CF-B455-FA0C392A6254}.Debug|x64.ActiveCfg = Debug|x64
		{2652816E-F68C-41CF-B455-FA0C392A6254}.Debug|x64.Build.0 = Debug|x64
		{2652816E-F68C-41CF-B455-FA0C392A6254}.Debug|x86.ActiveCfg = Debug|Win32
		{2652816E-F68C-41CF-B455-FA0C392A6254}.Debug|x86.Build.0 = Debug|Win32
		{2652816E-F68C-41CF-B455-FA0C392A6254}.Release|x64.ActiveCfg = Release|x64
		{2652816E-F68C-41CF-B455-FA0C392A6254}.Release|x64.Build.0 = Release|x64
		{2652816E-F68C-41CF-B455-FA0C392A6254}.Release|x86.ActiveCfg = Release|Win32
		{2652816E-F68C-41CF-B455-FA0C392A6254}.Release|x86.Build.0 = Release|Win32
		{327ABCDA-8A32-487F-A8E5-EF1912147E87}.Debug|x64.ActiveCfg = Debug|x64
		{327ABCDA-8A32-487F-A8E5-EF1912147E87}.Debug|x64.Build.0 = Debug|x64
		{327ABCDA-8A32-487F-A8E5-EF1912147E87}.Debug|x86.ActiveCfg = Debug|Win32
		{327ABCDA-8A32-487F-A8E5-EF1912147E87}.Debug|x86.Build.0 = Debug|Win32
		{327ABCDA-8A32-487F-A8E5-EF1912147E87}.Release|x64.ActiveCfg = Release|x64
		{327ABCDA-8A32-487F-A8E5-EF1912147E87}.Release|x64.Build.0 = Release|x64
		{327ABCDA-8A32-487F-A8E5-EF1912147E87}.Release|x86.ActiveCfg = Release|Win32
		{327ABCDA-8A32-487F-A8E5-EF1912147E87}.Release|x86.Build.0 = Release|Win32
	EndGlobalSection
	GlobalSection(SolutionProperties) = preSolution
		HideSolutionNode = FALSE
	EndGlobalSection
	GlobalSection(NestedProjects) = preSolution
		{1C8C14D3-695F-40D7-82BA-E702E85326C8} = {ED595D53-A0B9-4D7F-ABF5-89EED5116B4D}
		{ECDD9D00-96E0-4A73-B7EB-538C24D444C8} = {ED595D53-A0B9-4D7F-ABF5-89EED5116B4D}
		{30B2FBE4-DDE6-4B0D-ACBA-0560EC74AF92} = {ED595D53-A0B9-4D7F-ABF5-89EED5116B4D}
		{42E792CD-742D-429E-81BF-6F445D39FFCA} = {ED595D53-A0B9-4D7F-ABF5-89EED5116B4D}
		{2652816E-F68C-41CF-B455-FA0C392A6254} = {ED595D53-A0B9-4D7F-ABF5-89EED5116B4D}
	EndGlobalSection
EndGlobal
